
Microsoft Visual Studio Solution File, Format Version 12.00
# Visual Studio Version 17
VisualStudioVersion = 17.5.33516.290
MinimumVisualStudioVersion = 10.0.40219.1
Project("{FAE04EC0-301F-11D3-BF4B-00C04F79EFBC}") = "FirstASP", "FirstASP\FirstASP.csproj", "{04CAC923-688E-4B20-95DF-61AFF09C0B6B}"
EndProject
Global
	GlobalSection(SolutionConfigurationPlatforms) = preSolution
		Debug|Any CPU = Debug|Any CPU
		Release|Any CPU = Release|Any CPU
	EndGlobalSection
	GlobalSection(ProjectConfigurationPlatforms) = postSolution
		{04CAC923-688E-4B20-95DF-61AFF09C0B6B}.Debug|Any CPU.ActiveCfg = Debug|Any CPU
		{04CAC923-688E-4B20-95DF-61AFF09C0B6B}.Debug|Any CPU.Build.0 = Debug|Any CPU
		{04CAC923-688E-4B20-95DF-61AFF09C0B6B}.Release|Any CPU.ActiveCfg = Release|Any CPU
		{04CAC923-688E-4B20-95DF-61AFF09C0B6B}.Release|Any CPU.Build.0 = Release|Any CPU
	EndGlobalSection
	GlobalSection(SolutionProperties) = preSolution
		HideSolutionNode = FALSE
	EndGlobalSection
	GlobalSection(ExtensibilityGlobals) = postSolution
		SolutionGuid = {97CAC318-BEB6-4208-A397-A9E5E6305ADD}
	EndGlobalSection
EndGlobal
